
Microsoft Visual Studio Solution File, Format Version 12.00
# Visual Studio 15
VisualStudioVersion = 15.0.26403.7
MinimumVisualStudioVersion = 10.0.40219.1
Project("{FAE04EC0-301F-11D3-BF4B-00C04F79EFBC}") = "NewsForum", "NewsForum\NewsForum.csproj", "{C02EF474-08C5-408D-984B-0F7F187F636C}"
EndProject
Project("{FAE04EC0-301F-11D3-BF4B-00C04F79EFBC}") = "Model", "Model\Model.csproj", "{4DE056D3-93B0-4FD8-8DF8-FA3992A3CA77}"
EndProject
Project("{FAE04EC0-301F-11D3-BF4B-00C04F79EFBC}") = "ViewModelDataBase", "ViewModelDataBase\ViewModelDataBase.csproj", "{6AA4E45E-7AC9-4BC8-A38F-8BD4526815E6}"
EndProject
Project("{FAE04EC0-301F-11D3-BF4B-00C04F79EFBC}") = "ModelDataBase", "ModelDataBase\ModelDataBase.csproj", "{9EEA9521-E0E5-4AE5-9B7F-27B8877B1912}"
EndProject
Project("{FAE04EC0-301F-11D3-BF4B-00C04F79EFBC}") = "ServerApp", "ServerApp\ServerApp.csproj", "{504D088A-5F34-4D64-A563-7EB082914C6C}"
EndProject
Project("{FAE04EC0-301F-11D3-BF4B-00C04F79EFBC}") = "RequestServer", "RequestServer\RequestServer.csproj", "{C89F53F6-5954-43F3-8006-C5F3EA0137D8}"
EndProject
Global
	GlobalSection(SolutionConfigurationPlatforms) = preSolution
		Debug|Any CPU = Debug|Any CPU
		Debug|ARM = Debug|ARM
		Debug|x64 = Debug|x64
		Debug|x86 = Debug|x86
		Release|Any CPU = Release|Any CPU
		Release|ARM = Release|ARM
		Release|x64 = Release|x64
		Release|x86 = Release|x86
	EndGlobalSection
	GlobalSection(ProjectConfigurationPlatforms) = postSolution
		{C02EF474-08C5-408D-984B-0F7F187F636C}.Debug|Any CPU.ActiveCfg = Debug|x86
		{C02EF474-08C5-408D-984B-0F7F187F636C}.Debug|Any CPU.Build.0 = Debug|x86
		{C02EF474-08C5-408D-984B-0F7F187F636C}.Debug|Any CPU.Deploy.0 = Debug|x86
		{C02EF474-08C5-408D-984B-0F7F187F636C}.Debug|ARM.ActiveCfg = Debug|ARM
		{C02EF474-08C5-408D-984B-0F7F187F636C}.Debug|ARM.Build.0 = Debug|ARM
		{C02EF474-08C5-408D-984B-0F7F187F636C}.Debug|ARM.Deploy.0 = Debug|ARM
		{C02EF474-08C5-408D-984B-0F7F187F636C}.Debug|x64.ActiveCfg = Debug|x64
		{C02EF474-08C5-408D-984B-0F7F187F636C}.Debug|x64.Build.0 = Debug|x64
		{C02EF474-08C5-408D-984B-0F7F187F636C}.Debug|x64.Deploy.0 = Debug|x64
		{C02EF474-08C5-408D-984B-0F7F187F636C}.Debug|x86.ActiveCfg = Debug|x86
		{C02EF474-08C5-408D-984B-0F7F187F636C}.Debug|x86.Build.0 = Debug|x86
		{C02EF474-08C5-408D-984B-0F7F187F636C}.Debug|x86.Deploy.0 = Debug|x86
		{C02EF474-08C5-408D-984B-0F7F187F636C}.Release|Any CPU.ActiveCfg = Release|x86
		{C02EF474-08C5-408D-984B-0F7F187F636C}.Release|ARM.ActiveCfg = Release|ARM
		{C02EF474-08C5-408D-984B-0F7F187F636C}.Release|ARM.Build.0 = Release|ARM
		{C02EF474-08C5-408D-984B-0F7F187F636C}.Release|ARM.Deploy.0 = Release|ARM
		{C02EF474-08C5-408D-984B-0F7F187F636C}.Release|x64.ActiveCfg = Release|x64
		{C02EF474-08C5-408D-984B-0F7F187F636C}.Release|x64.Build.0 = Release|x64
		{C02EF474-08C5-408D-984B-0F7F187F636C}.Release|x64.Deploy.0 = Release|x64
		{C02EF474-08C5-408D-984B-0F7F187F636C}.Release|x86.ActiveCfg = Release|x86
		{C02EF474-08C5-408D-984B-0F7F187F636C}.Release|x86.Build.0 = Release|x86
		{C02EF474-08C5-408D-984B-0F7F187F636C}.Release|x86.Deploy.0 = Release|x86
		{4DE056D3-93B0-4FD8-8DF8-FA3992A3CA77}.Debug|Any CPU.ActiveCfg = Debug|Any CPU
		{4DE056D3-93B0-4FD8-8DF8-FA3992A3CA77}.Debug|Any CPU.Build.0 = Debug|Any CPU
		{4DE056D3-93B0-4FD8-8DF8-FA3992A3CA77}.Debug|ARM.ActiveCfg = Debug|Any CPU
		{4DE056D3-93B0-4FD8-8DF8-FA3992A3CA77}.Debug|ARM.Build.0 = Debug|Any CPU
		{4DE056D3-93B0-4FD8-8DF8-FA3992A3CA77}.Debug|x64.ActiveCfg = Debug|Any CPU
		{4DE056D3-93B0-4FD8-8DF8-FA3992A3CA77}.Debug|x64.Build.0 = Debug|Any CPU
		{4DE056D3-93B0-4FD8-8DF8-FA3992A3CA77}.Debug|x86.ActiveCfg = Debug|Any CPU
		{4DE056D3-93B0-4FD8-8DF8-FA3992A3CA77}.Debug|x86.Build.0 = Debug|Any CPU
		{4DE056D3-93B0-4FD8-8DF8-FA3992A3CA77}.Release|Any CPU.ActiveCfg = Release|Any CPU
		{4DE056D3-93B0-4FD8-8DF8-FA3992A3CA77}.Release|Any CPU.Build.0 = Release|Any CPU
		{4DE056D3-93B0-4FD8-8DF8-FA3992A3CA77}.Release|ARM.ActiveCfg = Release|Any CPU
		{4DE056D3-93B0-4FD8-8DF8-FA3992A3CA77}.Release|ARM.Build.0 = Release|Any CPU
		{4DE056D3-93B0-4FD8-8DF8-FA3992A3CA77}.Release|x64.ActiveCfg = Release|Any CPU
		{4DE056D3-93B0-4FD8-8DF8-FA3992A3CA77}.Release|x64.Build.0 = Release|Any CPU
		{4DE056D3-93B0-4FD8-8DF8-FA3992A3CA77}.Release|x86.ActiveCfg = Release|Any CPU
		{4DE056D3-93B0-4FD8-8DF8-FA3992A3CA77}.Release|x86.Build.0 = Release|Any CPU
		{6AA4E45E-7AC9-4BC8-A38F-8BD4526815E6}.Debug|Any CPU.ActiveCfg = Debug|Any CPU
		{6AA4E45E-7AC9-4BC8-A38F-8BD4526815E6}.Debug|Any CPU.Build.0 = Debug|Any CPU
		{6AA4E45E-7AC9-4BC8-A38F-8BD4526815E6}.Debug|ARM.ActiveCfg = Debug|Any CPU
		{6AA4E45E-7AC9-4BC8-A38F-8BD4526815E6}.Debug|ARM.Build.0 = Debug|Any CPU
		{6AA4E45E-7AC9-4BC8-A38F-8BD4526815E6}.Debug|x64.ActiveCfg = Debug|Any CPU
		{6AA4E45E-7AC9-4BC8-A38F-8BD4526815E6}.Debug|x64.Build.0 = Debug|Any CPU
		{6AA4E45E-7AC9-4BC8-A38F-8BD4526815E6}.Debug|x86.ActiveCfg = Debug|Any CPU
		{6AA4E45E-7AC9-4BC8-A38F-8BD4526815E6}.Debug|x86.Build.0 = Debug|Any CPU
		{6AA4E45E-7AC9-4BC8-A38F-8BD4526815E6}.Release|Any CPU.ActiveCfg = Release|Any CPU
		{6AA4E45E-7AC9-4BC8-A38F-8BD4526815E6}.Release|Any CPU.Build.0 = Release|Any CPU
		{6AA4E45E-7AC9-4BC8-A38F-8BD4526815E6}.Release|ARM.ActiveCfg = Release|Any CPU
		{6AA4E45E-7AC9-4BC8-A38F-8BD4526815E6}.Release|ARM.Build.0 = Release|Any CPU
		{6AA4E45E-7AC9-4BC8-A38F-8BD4526815E6}.Release|x64.ActiveCfg = Release|Any CPU
		{6AA4E45E-7AC9-4BC8-A38F-8BD4526815E6}.Release|x64.Build.0 = Release|Any CPU
		{6AA4E45E-7AC9-4BC8-A38F-8BD4526815E6}.Release|x86.ActiveCfg = Release|Any CPU
		{6AA4E45E-7AC9-4BC8-A38F-8BD4526815E6}.Release|x86.Build.0 = Release|Any CPU
		{9EEA9521-E0E5-4AE5-9B7F-27B8877B1912}.Debug|Any CPU.ActiveCfg = Debug|Any CPU
		{9EEA9521-E0E5-4AE5-9B7F-27B8877B1912}.Debug|Any CPU.Build.0 = Debug|Any CPU
		{9EEA9521-E0E5-4AE5-9B7F-27B8877B1912}.Debug|ARM.ActiveCfg = Debug|Any CPU
		{9EEA9521-E0E5-4AE5-9B7F-27B8877B1912}.Debug|ARM.Build.0 = Debug|Any CPU
		{9EEA9521-E0E5-4AE5-9B7F-27B8877B1912}.Debug|x64.ActiveCfg = Debug|Any CPU
		{9EEA9521-E0E5-4AE5-9B7F-27B8877B1912}.Debug|x64.Build.0 = Debug|Any CPU
		{9EEA9521-E0E5-4AE5-9B7F-27B8877B1912}.Debug|x86.ActiveCfg = Debug|Any CPU
		{9EEA9521-E0E5-4AE5-9B7F-27B8877B1912}.Debug|x86.Build.0 = Debug|Any CPU
		{9EEA9521-E0E5-4AE5-9B7F-27B8877B1912}.Release|Any CPU.ActiveCfg = Release|Any CPU
		{9EEA9521-E0E5-4AE5-9B7F-27B8877B1912}.Release|Any CPU.Build.0 = Release|Any CPU
		{9EEA9521-E0E5-4AE5-9B7F-27B8877B1912}.Release|ARM.ActiveCfg = Release|Any CPU
		{9EEA9521-E0E5-4AE5-9B7F-27B8877B1912}.Release|ARM.Build.0 = Release|Any CPU
		{9EEA9521-E0E5-4AE5-9B7F-27B8877B1912}.Release|x64.ActiveCfg = Release|Any CPU
		{9EEA9521-E0E5-4AE5-9B7F-27B8877B1912}.Release|x64.Build.0 = Release|Any CPU
		{9EEA9521-E0E5-4AE5-9B7F-27B8877B1912}.Release|x86.ActiveCfg = Release|Any CPU
		{9EEA9521-E0E5-4AE5-9B7F-27B8877B1912}.Release|x86.Build.0 = Release|Any CPU
		{504D088A-5F34-4D64-A563-7EB082914C6C}.Debug|Any CPU.ActiveCfg = Debug|Any CPU
		{504D088A-5F34-4D64-A563-7EB082914C6C}.Debug|Any CPU.Build.0 = Debug|Any CPU
		{504D088A-5F34-4D64-A563-7EB082914C6C}.Debug|Any CPU.Deploy.0 = Debug|Any CPU
		{504D088A-5F34-4D64-A563-7EB082914C6C}.Debug|ARM.ActiveCfg = Debug|Any CPU
		{504D088A-5F34-4D64-A563-7EB082914C6C}.Debug|ARM.Build.0 = Debug|Any CPU
		{504D088A-5F34-4D64-A563-7EB082914C6C}.Debug|x64.ActiveCfg = Debug|Any CPU
		{504D088A-5F34-4D64-A563-7EB082914C6C}.Debug|x64.Build.0 = Debug|Any CPU
		{504D088A-5F34-4D64-A563-7EB082914C6C}.Debug|x86.ActiveCfg = Debug|Any CPU
		{504D088A-5F34-4D64-A563-7EB082914C6C}.Debug|x86.Build.0 = Debug|Any CPU
		{504D088A-5F34-4D64-A563-7EB082914C6C}.Release|Any CPU.ActiveCfg = Release|Any CPU
		{504D088A-5F34-4D64-A563-7EB082914C6C}.Release|Any CPU.Build.0 = Release|Any CPU
		{504D088A-5F34-4D64-A563-7EB082914C6C}.Release|ARM.ActiveCfg = Release|Any CPU
		{504D088A-5F34-4D64-A563-7EB082914C6C}.Release|ARM.Build.0 = Release|Any CPU
		{504D088A-5F34-4D64-A563-7EB082914C6C}.Release|x64.ActiveCfg = Release|Any CPU
		{504D088A-5F34-4D64-A563-7EB082914C6C}.Release|x64.Build.0 = Release|Any CPU
		{504D088A-5F34-4D64-A563-7EB082914C6C}.Release|x86.ActiveCfg = Release|Any CPU
		{504D088A-5F34-4D64-A563-7EB082914C6C}.Release|x86.Build.0 = Release|Any CPU
		{C89F53F6-5954-43F3-8006-C5F3EA0137D8}.Debug|Any CPU.ActiveCfg = Debug|Any CPU
		{C89F53F6-5954-43F3-8006-C5F3EA0137D8}.Debug|Any CPU.Build.0 = Debug|Any CPU
		{C89F53F6-5954-43F3-8006-C5F3EA0137D8}.Debug|ARM.ActiveCfg = Debug|Any CPU
		{C89F53F6-5954-43F3-8006-C5F3EA0137D8}.Debug|ARM.Build.0 = Debug|Any CPU
		{C89F53F6-5954-43F3-8006-C5F3EA0137D8}.Debug|x64.ActiveCfg = Debug|Any CPU
		{C89F53F6-5954-43F3-8006-C5F3EA0137D8}.Debug|x64.Build.0 = Debug|Any CPU
		{C89F53F6-5954-43F3-8006-C5F3EA0137D8}.Debug|x86.ActiveCfg = Debug|Any CPU
		{C89F53F6-5954-43F3-8006-C5F3EA0137D8}.Debug|x86.Build.0 = Debug|Any CPU
		{C89F53F6-5954-43F3-8006-C5F3EA0137D8}.Release|Any CPU.ActiveCfg = Release|Any CPU
		{C89F53F6-5954-43F3-8006-C5F3EA0137D8}.Release|Any CPU.Build.0 = Release|Any CPU
		{C89F53F6-5954-43F3-8006-C5F3EA0137D8}.Release|ARM.ActiveCfg = Release|Any CPU
		{C89F53F6-5954-43F3-8006-C5F3EA0137D8}.Release|ARM.Build.0 = Release|Any CPU
		{C89F53F6-5954-43F3-8006-C5F3EA0137D8}.Release|x64.ActiveCfg = Release|Any CPU
		{C89F53F6-5954-43F3-8006-C5F3EA0137D8}.Release|x64.Build.0 = Release|Any CPU
		{C89F53F6-5954-43F3-8006-C5F3EA0137D8}.Release|x86.ActiveCfg = Release|Any CPU
		{C89F53F6-5954-43F3-8006-C5F3EA0137D8}.Release|x86.Build.0 = Release|Any CPU
	EndGlobalSection
	GlobalSection(SolutionProperties) = preSolution
		HideSolutionNode = FALSE
	EndGlobalSection
EndGlobal
